
Microsoft Visual Studio Solution File, Format Version 12.00
# Visual Studio Version 17
VisualStudioVersion = 17.4.33205.214
MinimumVisualStudioVersion = 10.0.40219.1
Project("{FAE04EC0-301F-11D3-BF4B-00C04F79EFBC}") = "TestGitHubProject", "TestGitHubProject\TestGitHubProject.csproj", "{654A7020-8B92-4CB7-B1DB-8455EF0AF2CC}"
EndProject
Global
	GlobalSection(SolutionConfigurationPlatforms) = preSolution
		Debug|Any CPU = Debug|Any CPU
		Release|Any CPU = Release|Any CPU
	EndGlobalSection
	GlobalSection(ProjectConfigurationPlatforms) = postSolution
		{654A7020-8B92-4CB7-B1DB-8455EF0AF2CC}.Debug|Any CPU.ActiveCfg = Debug|Any CPU
		{654A7020-8B92-4CB7-B1DB-8455EF0AF2CC}.Debug|Any CPU.Build.0 = Debug|Any CPU
		{654A7020-8B92-4CB7-B1DB-8455EF0AF2CC}.Release|Any CPU.ActiveCfg = Release|Any CPU
		{654A7020-8B92-4CB7-B1DB-8455EF0AF2CC}.Release|Any CPU.Build.0 = Release|Any CPU
	EndGlobalSection
	GlobalSection(SolutionProperties) = preSolution
		HideSolutionNode = FALSE
	EndGlobalSection
	GlobalSection(ExtensibilityGlobals) = postSolution
		SolutionGuid = {B9227B5D-C999-42F0-9F08-4C5675D6D90F}
	EndGlobalSection
EndGlobal
