
Microsoft Visual Studio Solution File, Format Version 12.00
# Visual Studio Version 17
VisualStudioVersion = 17.4.33205.214
MinimumVisualStudioVersion = 10.0.40219.1
Project("{FAE04EC0-301F-11D3-BF4B-00C04F79EFBC}") = "TestGitHubProject", "TestGitHubProject.csproj", "{AAFA5823-41CA-414E-8E55-9FFA721580F3}"
EndProject
Global
	GlobalSection(SolutionConfigurationPlatforms) = preSolution
		Debug|Any CPU = Debug|Any CPU
		Release|Any CPU = Release|Any CPU
	EndGlobalSection
	GlobalSection(ProjectConfigurationPlatforms) = postSolution
		{AAFA5823-41CA-414E-8E55-9FFA721580F3}.Debug|Any CPU.ActiveCfg = Debug|Any CPU
		{AAFA5823-41CA-414E-8E55-9FFA721580F3}.Debug|Any CPU.Build.0 = Debug|Any CPU
		{AAFA5823-41CA-414E-8E55-9FFA721580F3}.Release|Any CPU.ActiveCfg = Release|Any CPU
		{AAFA5823-41CA-414E-8E55-9FFA721580F3}.Release|Any CPU.Build.0 = Release|Any CPU
	EndGlobalSection
	GlobalSection(SolutionProperties) = preSolution
		HideSolutionNode = FALSE
	EndGlobalSection
	GlobalSection(ExtensibilityGlobals) = postSolution
		SolutionGuid = {F7CE55F0-DD4F-4CF0-97D1-B08BA3D9A726}
	EndGlobalSection
EndGlobal
